
Microsoft Visual Studio Solution File, Format Version 12.00
# Visual Studio 14
VisualStudioVersion = 14.0.25420.1
MinimumVisualStudioVersion = 10.0.40219.1
Project("{FAE04EC0-301F-11D3-BF4B-00C04F79EFBC}") = "TradutorLista", "TradutorLista\TradutorLista.csproj", "{8B8432CD-0176-4F09-A156-1428147E9F6B}"
EndProject
Global
	GlobalSection(SolutionConfigurationPlatforms) = preSolution
		Debug|Any CPU = Debug|Any CPU
		Release|Any CPU = Release|Any CPU
	EndGlobalSection
	GlobalSection(ProjectConfigurationPlatforms) = postSolution
		{8B8432CD-0176-4F09-A156-1428147E9F6B}.Debug|Any CPU.ActiveCfg = Debug|Any CPU
		{8B8432CD-0176-4F09-A156-1428147E9F6B}.Debug|Any CPU.Build.0 = Debug|Any CPU
		{8B8432CD-0176-4F09-A156-1428147E9F6B}.Release|Any CPU.ActiveCfg = Release|Any CPU
		{8B8432CD-0176-4F09-A156-1428147E9F6B}.Release|Any CPU.Build.0 = Release|Any CPU
	EndGlobalSection
	GlobalSection(SolutionProperties) = preSolution
		HideSolutionNode = FALSE
	EndGlobalSection
EndGlobal
